
Microsoft Visual Studio Solution File, Format Version 12.00
# Visual Studio Version 17
VisualStudioVersion = 17.13.35931.197 d17.13
MinimumVisualStudioVersion = 10.0.40219.1
Project("{FAE04EC0-301F-11D3-BF4B-00C04F79EFBC}") = "SchoolLanguages", "SchoolLanguages\SchoolLanguages.csproj", "{AFD5F311-6BE5-4FBF-9067-18F3B96206C9}"
EndProject
Global
	GlobalSection(SolutionConfigurationPlatforms) = preSolution
		Debug|Any CPU = Debug|Any CPU
		Release|Any CPU = Release|Any CPU
	EndGlobalSection
	GlobalSection(ProjectConfigurationPlatforms) = postSolution
		{AFD5F311-6BE5-4FBF-9067-18F3B96206C9}.Debug|Any CPU.ActiveCfg = Debug|Any CPU
		{AFD5F311-6BE5-4FBF-9067-18F3B96206C9}.Debug|Any CPU.Build.0 = Debug|Any CPU
		{AFD5F311-6BE5-4FBF-9067-18F3B96206C9}.Release|Any CPU.ActiveCfg = Release|Any CPU
		{AFD5F311-6BE5-4FBF-9067-18F3B96206C9}.Release|Any CPU.Build.0 = Release|Any CPU
	EndGlobalSection
	GlobalSection(SolutionProperties) = preSolution
		HideSolutionNode = FALSE
	EndGlobalSection
	GlobalSection(ExtensibilityGlobals) = postSolution
		SolutionGuid = {BA5AB41F-9A98-404F-9251-189745D0C7DE}
	EndGlobalSection
EndGlobal
